<?xml version="1.0" encoding="utf-8"?>
<Project ToolsVersion="4.0" xmlns="http://schemas.microsoft.com/developer/msbuild/2003">
  <ItemGroup>
    <Filter Include="Source Files">
      <UniqueIdentifier>{4FC737F1-C7A5-4376-A066-2A32D752A2FF}</UniqueIdentifier>
      <Extensions>cpp;c;cc;cxx;def;odl;idl;hpj;bat;asm;asmx</Extensions>
    </Filter>
    <Filter Include="Header Files">
      <UniqueIdentifier>{93995380-89BD-4b04-88EB-625FBE52EBFB}</UniqueIdentifier>
      <Extensions>h;hh;hpp;hxx;hm;inl;inc;xsd</Extensions>
    </Filter>
    <Filter Include="Resource Files">
      <UniqueIdentifier>{67DA6AB6-F800-4c08-8B7A-83BB121AAD01}</UniqueIdentifier>
      <Extensions>rc;ico;cur;bmp;dlg;rc2;rct;bin;rgs;gif;jpg;jpeg;jpe;resx;tiff;tif;png;wav;mfcribbon-ms</Extensions>
    </Filter>
    <Filter Include="Header Files\Exception">
      <UniqueIdentifier>{b8f7b4ae-9da4-470b-b1be-26e2aa549881}</UniqueIdentifier>
    </Filter>
  </ItemGroup>
  <ItemGroup>
    <ClInclude Include="..\..\include\libipcpp\Definitions.h">
      <Filter>Header Files</Filter>
    </ClInclude>
    <ClInclude Include="..\..\include\libipcpp\libipcpp.h">
      <Filter>Header Files</Filter>
    </ClInclude>
    <ClInclude Include="..\..\include\libipcpp\MessageQueue.h">
      <Filter>Header Files</Filter>
    </ClInclude>
    <ClInclude Include="..\..\include\libipcpp\Pipe.h">
      <Filter>Header Files</Filter>
    </ClInclude>
    <ClInclude Include="..\..\include\libipcpp\Process.h">
      <Filter>Header Files</Filter>
    </ClInclude>
    <ClInclude Include="..\..\include\libipcpp\Semaphore.h">
      <Filter>Header Files</Filter>
    </ClInclude>
    <ClInclude Include="..\..\include\libipcpp\SharedMemory.h">
      <Filter>Header Files</Filter>
    </ClInclude>
    <ClInclude Include="..\..\include\libipcpp\FileLock.h">
      <Filter>Header Files</Filter>
    </ClInclude>
    <ClInclude Include="..\..\include\libipcpp\Exception\IpcException.h">
      <Filter>Header Files\Exception</Filter>
    </ClInclude>
    <ClInclude Include="..\..\include\libipcpp\Exception\MessageQueueException.h">
      <Filter>Header Files\Exception</Filter>
    </ClInclude>
    <ClInclude Include="..\..\include\libipcpp\Exception\NamedPipeException.h">
      <Filter>Header Files\Exception</Filter>
    </ClInclude>
    <ClInclude Include="..\..\include\libipcpp\Exception\PipeException.h">
      <Filter>Header Files\Exception</Filter>
    </ClInclude>
    <ClInclude Include="..\..\include\libipcpp\Exception\ProcessException.h">
      <Filter>Header Files\Exception</Filter>
    </ClInclude>
    <ClInclude Include="..\..\include\libipcpp\Exception\SemaphoreException.h">
      <Filter>Header Files\Exception</Filter>
    </ClInclude>
    <ClInclude Include="..\..\include\libipcpp\Exception\SharedMemoryException.h">
      <Filter>Header Files\Exception</Filter>
    </ClInclude>
  </ItemGroup>
  <ItemGroup>
    <ClCompile Include="..\..\source\MessageQueue.cpp">
      <Filter>Source Files</Filter>
    </ClCompile>
    <ClCompile Include="..\..\source\Pipe.cpp">
      <Filter>Source Files</Filter>
    </ClCompile>
    <ClCompile Include="..\..\source\Process.cpp">
      <Filter>Source Files</Filter>
    </ClCompile>
    <ClCompile Include="..\..\source\Semaphore.cpp">
      <Filter>Source Files</Filter>
    </ClCompile>
    <ClCompile Include="..\..\source\SharedMemory.cpp">
      <Filter>Source Files</Filter>
    </ClCompile>
    <ClCompile Include="..\..\source\platform\win32\Definitions.cpp">
      <Filter>Source Files</Filter>
    </ClCompile>
  </ItemGroup>
</Project>